
Microsoft Visual Studio Solution File, Format Version 12.00
# Visual Studio Version 17
VisualStudioVersion = 17.0.31903.59
MinimumVisualStudioVersion = 10.0.40219.1
Project("{FAE04EC0-301F-11D3-BF4B-00C04F79EFBC}") = "StringLibrary", "StringLibrary\StringLibrary.csproj", "{BFCF9DC3-9F6B-4BCF-9961-67CFC4022177}"
EndProject
Project("{FAE04EC0-301F-11D3-BF4B-00C04F79EFBC}") = "ShowCase", "ShowCase\ShowCase.csproj", "{CFD71F40-E2CA-44B8-A626-4BCE2C062188}"
EndProject
Project("{FAE04EC0-301F-11D3-BF4B-00C04F79EFBC}") = "StringLibraryTest", "StringLibraryTest\StringLibraryTest.csproj", "{8D8A0282-5647-48E2-B2A2-BB06DF50BC06}"
EndProject
Global
	GlobalSection(SolutionConfigurationPlatforms) = preSolution
		Debug|Any CPU = Debug|Any CPU
		Release|Any CPU = Release|Any CPU
	EndGlobalSection
	GlobalSection(SolutionProperties) = preSolution
		HideSolutionNode = FALSE
	EndGlobalSection
	GlobalSection(ProjectConfigurationPlatforms) = postSolution
		{BFCF9DC3-9F6B-4BCF-9961-67CFC4022177}.Debug|Any CPU.ActiveCfg = Debug|Any CPU
		{BFCF9DC3-9F6B-4BCF-9961-67CFC4022177}.Debug|Any CPU.Build.0 = Debug|Any CPU
		{BFCF9DC3-9F6B-4BCF-9961-67CFC4022177}.Release|Any CPU.ActiveCfg = Release|Any CPU
		{BFCF9DC3-9F6B-4BCF-9961-67CFC4022177}.Release|Any CPU.Build.0 = Release|Any CPU
		{CFD71F40-E2CA-44B8-A626-4BCE2C062188}.Debug|Any CPU.ActiveCfg = Debug|Any CPU
		{CFD71F40-E2CA-44B8-A626-4BCE2C062188}.Debug|Any CPU.Build.0 = Debug|Any CPU
		{CFD71F40-E2CA-44B8-A626-4BCE2C062188}.Release|Any CPU.ActiveCfg = Release|Any CPU
		{CFD71F40-E2CA-44B8-A626-4BCE2C062188}.Release|Any CPU.Build.0 = Release|Any CPU
		{8D8A0282-5647-48E2-B2A2-BB06DF50BC06}.Debug|Any CPU.ActiveCfg = Debug|Any CPU
		{8D8A0282-5647-48E2-B2A2-BB06DF50BC06}.Debug|Any CPU.Build.0 = Debug|Any CPU
		{8D8A0282-5647-48E2-B2A2-BB06DF50BC06}.Release|Any CPU.ActiveCfg = Release|Any CPU
		{8D8A0282-5647-48E2-B2A2-BB06DF50BC06}.Release|Any CPU.Build.0 = Release|Any CPU
	EndGlobalSection
EndGlobal
